
Microsoft Visual Studio Solution File, Format Version 12.00
# Visual Studio Version 17
VisualStudioVersion = 17.7.34018.315
MinimumVisualStudioVersion = 10.0.40219.1
Project("{9A19103F-16F7-4668-BE54-9A1E7A4F7556}") = "KamRib", "KamRib\KamRib.csproj", "{AA492CAB-3D11-4CE3-8B10-90D519419447}"
EndProject
Global
	GlobalSection(SolutionConfigurationPlatforms) = preSolution
		Debug|Any CPU = Debug|Any CPU
		Release|Any CPU = Release|Any CPU
	EndGlobalSection
	GlobalSection(ProjectConfigurationPlatforms) = postSolution
		{AA492CAB-3D11-4CE3-8B10-90D519419447}.Debug|Any CPU.ActiveCfg = Debug|Any CPU
		{AA492CAB-3D11-4CE3-8B10-90D519419447}.Debug|Any CPU.Build.0 = Debug|Any CPU
		{AA492CAB-3D11-4CE3-8B10-90D519419447}.Release|Any CPU.ActiveCfg = Release|Any CPU
		{AA492CAB-3D11-4CE3-8B10-90D519419447}.Release|Any CPU.Build.0 = Release|Any CPU
	EndGlobalSection
	GlobalSection(SolutionProperties) = preSolution
		HideSolutionNode = FALSE
	EndGlobalSection
	GlobalSection(ExtensibilityGlobals) = postSolution
		SolutionGuid = {CF4F0419-AC45-45F4-9280-B0C52027F68E}
	EndGlobalSection
EndGlobal
